{
  "lock_version": 1,
  "modules": [
    {
      "id": "org.weave.character",
      "version": "1.2.0",
      "sha256": "70f3b701867245ef042da6241dfd95978fe7899dd000677ad6d38d7cde331a0d",
      "dependencies": []
    }
  ],
  "packs": [
    {
      "module_id": "org.weave.character",
      "module_version": "1.2.0",
      "pack_id": "ari_vale",
      "version": "1.0.0",
      "sha256": "93f0fd32b57f2b4ab46db4139ad1ff3b992c64aebc9eeb00fe58432656eed6a7",
      "dependencies": []
    }
  ]
}
