{
  "lock_version": 1,
  "modules": [
    {
      "id": "org.weave.world",
      "version": "1.1.0",
      "sha256": "2d5cec6bd2f7877383c9a6abf05947a16bb3e78e36c284ba063733bc6a95ab61",
      "dependencies": []
    }
  ],
  "packs": [
    {
      "module_id": "org.weave.world",
      "module_version": "1.1.0",
      "pack_id": "aotearoa_new_zealand",
      "version": "1.1.0",
      "sha256": "61b8f9b1f21ee558e13033b080a0024509f107962317ae7b4b61e5f6e1aefe80",
      "dependencies": []
    }
  ]
}
