{
  "lock_version": 1,
  "modules": [
    {
      "id": "org.weave.world",
      "version": "1.0.0",
      "sha256": "2688c5403052a9d8f843d0100116d510fcc98dc8eabac170168e6422bbd8f0a8",
      "dependencies": []
    }
  ],
  "packs": [
    {
      "module_id": "org.weave.world",
      "module_version": "1.0.0",
      "pack_id": "aotearoa_new_zealand",
      "version": "1.0.0",
      "sha256": "768f77568b99689f86e62c6d4ae67c4bc29094f2625276a59f043f6d8b27a649",
      "dependencies": []
    }
  ]
}
