{
  "lock_version": 1,
  "modules": [
    {
      "id": "org.weave.character",
      "version": "1.3.0",
      "sha256": "83a50d654e6816c9cee7d42d8f038febf8294bcad7e8b785b023d273e52d4165",
      "dependencies": []
    }
  ],
  "packs": [
    {
      "module_id": "org.weave.character",
      "module_version": "1.3.0",
      "pack_id": "ari_vale_temporal",
      "version": "1.0.0",
      "sha256": "764ed9c63d48d3dba1ce64dfaa0a0e1d54a0aa9d3cd8494d8986c8baae11bd5d",
      "dependencies": []
    }
  ]
}
