{
  "lock_version": 1,
  "modules": [
    {
      "id": "org.weave.character",
      "version": "1.5.0",
      "sha256": "bb2c07588b879b02ae4e16a8299cc486999947bd59a0e0655b864ab680de75b2",
      "dependencies": []
    }
  ],
  "packs": [
    {
      "module_id": "org.weave.character",
      "module_version": "1.5.0",
      "pack_id": "ari_vale_temporal",
      "version": "1.0.0",
      "sha256": "44c1aa33b2a8bdcaf651a421271db4884f6e4ed66d79e3996fec61856f0c7071",
      "dependencies": []
    }
  ]
}
